# This file was autogenerated by Stack.
# You should not edit this file by hand.
# For more information, please see the documentation at:
#   https://docs.haskellstack.org/en/stable/lock_files

packages:
- completed:
    hackage: streamly-0.7.0@sha256:2a510275b3a41f1e50d8f45f8dac879933139652509dd6cd98b69a5d24e9c55d,31563
    pantry-tree:
      size: 9000
      sha256: bf550621b3b9b13f0f4af4970d207483e6617cde09af37c2a64c90a2dbc6925c
  original:
    hackage: streamly-0.7.0@sha256:2a510275b3a41f1e50d8f45f8dac879933139652509dd6cd98b69a5d24e9c55d,31563
snapshots:
- completed:
    size: 524799
    url: https://raw.githubusercontent.com/commercialhaskell/stackage-snapshots/master/lts/14/17.yaml
    sha256: 1d72b33c0fc048e23f4f18fd76a6ad79dd1d8a3c054644098a71a09855e40c7c
  original: lts-14.17
